
Microsoft Visual Studio Solution File, Format Version 12.00
# Visual Studio Version 16
VisualStudioVersion = 16.0.30114.105
MinimumVisualStudioVersion = 10.0.40219.1
Project("{2150E333-8FDC-42A3-9474-1A3956D46DE8}") = "src", "src", "{F9DF7881-3D6A-4C0E-93A9-C62CBD445480}"
EndProject
Project("{2150E333-8FDC-42A3-9474-1A3956D46DE8}") = "Core", "Core", "{B7ABBC90-85E8-46BE-AB9D-6C225AC8AD55}"
EndProject
Project("{FAE04EC0-301F-11D3-BF4B-00C04F79EFBC}") = "CoreApplication", "src\Core\CoreApplication\CoreApplication.csproj", "{6C60420C-180B-4C2D-A33D-B7D9F8A93228}"
EndProject
Project("{FAE04EC0-301F-11D3-BF4B-00C04F79EFBC}") = "CoreCrossCuttingConcers", "src\Core\CoreCrossCuttingConcers\CoreCrossCuttingConcers.csproj", "{B7CC1DAF-F9FC-4F52-B963-6DDD4A529018}"
EndProject
Project("{FAE04EC0-301F-11D3-BF4B-00C04F79EFBC}") = "CoreElasticSearch", "src\Core\CoreElasticSearch\CoreElasticSearch.csproj", "{2568CBD4-0332-4EA4-A5CE-677B59980471}"
EndProject
Project("{FAE04EC0-301F-11D3-BF4B-00C04F79EFBC}") = "CoreMailing", "src\Core\CoreMailing\CoreMailing.csproj", "{E7794F6D-128E-4066-A224-321E10ED267E}"
EndProject
Project("{FAE04EC0-301F-11D3-BF4B-00C04F79EFBC}") = "CorePersistence", "src\Core\CorePersistence\CorePersistence.csproj", "{A0574C18-0046-4C31-884B-1414BA550ED9}"
EndProject
Project("{FAE04EC0-301F-11D3-BF4B-00C04F79EFBC}") = "CoreSecurity", "src\Core\CoreSecurity\CoreSecurity.csproj", "{C8ACA3AF-934E-4426-A304-160D46528601}"
EndProject
Project("{2150E333-8FDC-42A3-9474-1A3956D46DE8}") = "Project", "Project", "{BDFFBD6B-C22D-4871-825A-798D4DFEF9B3}"
EndProject
Project("{2150E333-8FDC-42A3-9474-1A3956D46DE8}") = "RentACar", "RentACar", "{3399AA37-DB38-4437-A270-D6B4B8B123F1}"
EndProject
Project("{FAE04EC0-301F-11D3-BF4B-00C04F79EFBC}") = "API", "src\Project\RentACar\API\API.csproj", "{5510E9B7-1B62-46E9-A8A4-EDCFEE11CB75}"
EndProject
Project("{FAE04EC0-301F-11D3-BF4B-00C04F79EFBC}") = "Application", "src\Project\RentACar\Application\Application.csproj", "{B7A6F16A-7585-4C5E-9250-A0C1DD7296DA}"
EndProject
Project("{FAE04EC0-301F-11D3-BF4B-00C04F79EFBC}") = "Persistence", "src\Project\RentACar\Persistence\Persistence.csproj", "{A8459558-4A97-415D-86F9-3753FD21F46F}"
EndProject
Project("{FAE04EC0-301F-11D3-BF4B-00C04F79EFBC}") = "Domain", "src\Project\RentACar\Domain\Domain.csproj", "{3A66FE3E-A423-4944-B0CE-A2BD5AFF00FD}"
EndProject
Project("{FAE04EC0-301F-11D3-BF4B-00C04F79EFBC}") = "Infrastructure", "src\Project\RentACar\Infrastructure\Infrastructure.csproj", "{4F6877C2-8207-451B-B1ED-6477789E1141}"
EndProject
Global
	GlobalSection(SolutionConfigurationPlatforms) = preSolution
		Debug|Any CPU = Debug|Any CPU
		Release|Any CPU = Release|Any CPU
	EndGlobalSection
	GlobalSection(SolutionProperties) = preSolution
		HideSolutionNode = FALSE
	EndGlobalSection
	GlobalSection(ProjectConfigurationPlatforms) = postSolution
		{6C60420C-180B-4C2D-A33D-B7D9F8A93228}.Debug|Any CPU.ActiveCfg = Debug|Any CPU
		{6C60420C-180B-4C2D-A33D-B7D9F8A93228}.Debug|Any CPU.Build.0 = Debug|Any CPU
		{6C60420C-180B-4C2D-A33D-B7D9F8A93228}.Release|Any CPU.ActiveCfg = Release|Any CPU
		{6C60420C-180B-4C2D-A33D-B7D9F8A93228}.Release|Any CPU.Build.0 = Release|Any CPU
		{B7CC1DAF-F9FC-4F52-B963-6DDD4A529018}.Debug|Any CPU.ActiveCfg = Debug|Any CPU
		{B7CC1DAF-F9FC-4F52-B963-6DDD4A529018}.Debug|Any CPU.Build.0 = Debug|Any CPU
		{B7CC1DAF-F9FC-4F52-B963-6DDD4A529018}.Release|Any CPU.ActiveCfg = Release|Any CPU
		{B7CC1DAF-F9FC-4F52-B963-6DDD4A529018}.Release|Any CPU.Build.0 = Release|Any CPU
		{2568CBD4-0332-4EA4-A5CE-677B59980471}.Debug|Any CPU.ActiveCfg = Debug|Any CPU
		{2568CBD4-0332-4EA4-A5CE-677B59980471}.Debug|Any CPU.Build.0 = Debug|Any CPU
		{2568CBD4-0332-4EA4-A5CE-677B59980471}.Release|Any CPU.ActiveCfg = Release|Any CPU
		{2568CBD4-0332-4EA4-A5CE-677B59980471}.Release|Any CPU.Build.0 = Release|Any CPU
		{E7794F6D-128E-4066-A224-321E10ED267E}.Debug|Any CPU.ActiveCfg = Debug|Any CPU
		{E7794F6D-128E-4066-A224-321E10ED267E}.Debug|Any CPU.Build.0 = Debug|Any CPU
		{E7794F6D-128E-4066-A224-321E10ED267E}.Release|Any CPU.ActiveCfg = Release|Any CPU
		{E7794F6D-128E-4066-A224-321E10ED267E}.Release|Any CPU.Build.0 = Release|Any CPU
		{A0574C18-0046-4C31-884B-1414BA550ED9}.Debug|Any CPU.ActiveCfg = Debug|Any CPU
		{A0574C18-0046-4C31-884B-1414BA550ED9}.Debug|Any CPU.Build.0 = Debug|Any CPU
		{A0574C18-0046-4C31-884B-1414BA550ED9}.Release|Any CPU.ActiveCfg = Release|Any CPU
		{A0574C18-0046-4C31-884B-1414BA550ED9}.Release|Any CPU.Build.0 = Release|Any CPU
		{C8ACA3AF-934E-4426-A304-160D46528601}.Debug|Any CPU.ActiveCfg = Debug|Any CPU
		{C8ACA3AF-934E-4426-A304-160D46528601}.Debug|Any CPU.Build.0 = Debug|Any CPU
		{C8ACA3AF-934E-4426-A304-160D46528601}.Release|Any CPU.ActiveCfg = Release|Any CPU
		{C8ACA3AF-934E-4426-A304-160D46528601}.Release|Any CPU.Build.0 = Release|Any CPU
		{5510E9B7-1B62-46E9-A8A4-EDCFEE11CB75}.Debug|Any CPU.ActiveCfg = Debug|Any CPU
		{5510E9B7-1B62-46E9-A8A4-EDCFEE11CB75}.Debug|Any CPU.Build.0 = Debug|Any CPU
		{5510E9B7-1B62-46E9-A8A4-EDCFEE11CB75}.Release|Any CPU.ActiveCfg = Release|Any CPU
		{5510E9B7-1B62-46E9-A8A4-EDCFEE11CB75}.Release|Any CPU.Build.0 = Release|Any CPU
		{B7A6F16A-7585-4C5E-9250-A0C1DD7296DA}.Debug|Any CPU.ActiveCfg = Debug|Any CPU
		{B7A6F16A-7585-4C5E-9250-A0C1DD7296DA}.Debug|Any CPU.Build.0 = Debug|Any CPU
		{B7A6F16A-7585-4C5E-9250-A0C1DD7296DA}.Release|Any CPU.ActiveCfg = Release|Any CPU
		{B7A6F16A-7585-4C5E-9250-A0C1DD7296DA}.Release|Any CPU.Build.0 = Release|Any CPU
		{A8459558-4A97-415D-86F9-3753FD21F46F}.Debug|Any CPU.ActiveCfg = Debug|Any CPU
		{A8459558-4A97-415D-86F9-3753FD21F46F}.Debug|Any CPU.Build.0 = Debug|Any CPU
		{A8459558-4A97-415D-86F9-3753FD21F46F}.Release|Any CPU.ActiveCfg = Release|Any CPU
		{A8459558-4A97-415D-86F9-3753FD21F46F}.Release|Any CPU.Build.0 = Release|Any CPU
		{3A66FE3E-A423-4944-B0CE-A2BD5AFF00FD}.Debug|Any CPU.ActiveCfg = Debug|Any CPU
		{3A66FE3E-A423-4944-B0CE-A2BD5AFF00FD}.Debug|Any CPU.Build.0 = Debug|Any CPU
		{3A66FE3E-A423-4944-B0CE-A2BD5AFF00FD}.Release|Any CPU.ActiveCfg = Release|Any CPU
		{3A66FE3E-A423-4944-B0CE-A2BD5AFF00FD}.Release|Any CPU.Build.0 = Release|Any CPU
		{4F6877C2-8207-451B-B1ED-6477789E1141}.Debug|Any CPU.ActiveCfg = Debug|Any CPU
		{4F6877C2-8207-451B-B1ED-6477789E1141}.Debug|Any CPU.Build.0 = Debug|Any CPU
		{4F6877C2-8207-451B-B1ED-6477789E1141}.Release|Any CPU.ActiveCfg = Release|Any CPU
		{4F6877C2-8207-451B-B1ED-6477789E1141}.Release|Any CPU.Build.0 = Release|Any CPU
	EndGlobalSection
	GlobalSection(NestedProjects) = preSolution
		{B7ABBC90-85E8-46BE-AB9D-6C225AC8AD55} = {F9DF7881-3D6A-4C0E-93A9-C62CBD445480}
		{6C60420C-180B-4C2D-A33D-B7D9F8A93228} = {B7ABBC90-85E8-46BE-AB9D-6C225AC8AD55}
		{B7CC1DAF-F9FC-4F52-B963-6DDD4A529018} = {B7ABBC90-85E8-46BE-AB9D-6C225AC8AD55}
		{2568CBD4-0332-4EA4-A5CE-677B59980471} = {B7ABBC90-85E8-46BE-AB9D-6C225AC8AD55}
		{E7794F6D-128E-4066-A224-321E10ED267E} = {B7ABBC90-85E8-46BE-AB9D-6C225AC8AD55}
		{A0574C18-0046-4C31-884B-1414BA550ED9} = {B7ABBC90-85E8-46BE-AB9D-6C225AC8AD55}
		{C8ACA3AF-934E-4426-A304-160D46528601} = {B7ABBC90-85E8-46BE-AB9D-6C225AC8AD55}
		{BDFFBD6B-C22D-4871-825A-798D4DFEF9B3} = {F9DF7881-3D6A-4C0E-93A9-C62CBD445480}
		{3399AA37-DB38-4437-A270-D6B4B8B123F1} = {BDFFBD6B-C22D-4871-825A-798D4DFEF9B3}
		{5510E9B7-1B62-46E9-A8A4-EDCFEE11CB75} = {3399AA37-DB38-4437-A270-D6B4B8B123F1}
		{B7A6F16A-7585-4C5E-9250-A0C1DD7296DA} = {3399AA37-DB38-4437-A270-D6B4B8B123F1}
		{A8459558-4A97-415D-86F9-3753FD21F46F} = {3399AA37-DB38-4437-A270-D6B4B8B123F1}
		{3A66FE3E-A423-4944-B0CE-A2BD5AFF00FD} = {3399AA37-DB38-4437-A270-D6B4B8B123F1}
		{4F6877C2-8207-451B-B1ED-6477789E1141} = {3399AA37-DB38-4437-A270-D6B4B8B123F1}
	EndGlobalSection
EndGlobal
